
Microsoft Visual Studio Solution File, Format Version 12.00
# Visual Studio 15
VisualStudioVersion = 15.0.27130.2010
MinimumVisualStudioVersion = 10.0.40219.1
Project("{FAE04EC0-301F-11D3-BF4B-00C04F79EFBC}") = "EM.Cmd", "EM.Cmd\EM.Cmd.csproj", "{14834820-09F1-4944-B378-04B7EF98759B}"
EndProject
Project("{FAE04EC0-301F-11D3-BF4B-00C04F79EFBC}") = "EM.Common", "EM.Common\EM.Common.csproj", "{BC444E24-53BB-4FA2-B442-BBEF892A772A}"
EndProject
Project("{2150E333-8FDC-42A3-9474-1A3956D46DE8}") = "Plugins", "Plugins", "{6FFF4FB6-941C-4333-9A2D-5D9FEEEB44CA}"
EndProject
Project("{2150E333-8FDC-42A3-9474-1A3956D46DE8}") = "Sample", "Sample", "{EAC58735-D058-4C11-9684-867F397CB461}"
EndProject
Project("{FAE04EC0-301F-11D3-BF4B-00C04F79EFBC}") = "EM.Plugin.Sample", "EM.Plugin.Sample\EM.Plugin.Sample.csproj", "{0B200BA8-4FEA-4AB9-9FBB-CB81675501DD}"
EndProject
Project("{2150E333-8FDC-42A3-9474-1A3956D46DE8}") = "TemplateRepository", "TemplateRepository", "{34FF54D6-D1F3-4FEA-A5A1-FE8DB79D1F89}"
EndProject
Project("{FAE04EC0-301F-11D3-BF4B-00C04F79EFBC}") = "EM.TemplateRepository.Sample", "EM.Repository\EM.TemplateRepository.Sample.csproj", "{B445548F-FDC8-4414-BF80-58128F8EE4A8}"
EndProject
Project("{2150E333-8FDC-42A3-9474-1A3956D46DE8}") = "Sample", "Sample", "{525E54B2-DBEF-4E5E-9C78-E19F4C2CEE23}"
EndProject
Project("{2150E333-8FDC-42A3-9474-1A3956D46DE8}") = "Clients", "Clients", "{B1D64898-96B2-43FC-A7FC-83867C7CED67}"
EndProject
Project("{2150E333-8FDC-42A3-9474-1A3956D46DE8}") = "Sample", "Sample", "{266F38E0-A4F7-4FE1-BFD5-76B4A19775F5}"
EndProject
Project("{FAE04EC0-301F-11D3-BF4B-00C04F79EFBC}") = "EM.Client.Sample", "EM.Client.Sample\EM.Client.Sample.csproj", "{C106B934-90B9-4724-B762-9EDF291AE62E}"
EndProject
Project("{FAE04EC0-301F-11D3-BF4B-00C04F79EFBC}") = "EM.EF", "EM.EF\EM.EF.csproj", "{E466298C-52E5-4A97-8823-26EFC6BC91B9}"
EndProject
Project("{00D1A9C2-B5F0-4AF3-8072-F6C62B433612}") = "EM.DB", "EM.DB\EM.DB.sqlproj", "{CEA7E767-A32B-4793-B62B-5CE5DED6E086}"
EndProject
Project("{FAE04EC0-301F-11D3-BF4B-00C04F79EFBC}") = "EM.Client", "EM.Client\EM.Client.csproj", "{84F074A9-C669-4B9C-9585-08ED5B683FC4}"
EndProject
Global
	GlobalSection(SolutionConfigurationPlatforms) = preSolution
		Debug|Any CPU = Debug|Any CPU
		Release|Any CPU = Release|Any CPU
	EndGlobalSection
	GlobalSection(ProjectConfigurationPlatforms) = postSolution
		{14834820-09F1-4944-B378-04B7EF98759B}.Debug|Any CPU.ActiveCfg = Debug|Any CPU
		{14834820-09F1-4944-B378-04B7EF98759B}.Debug|Any CPU.Build.0 = Debug|Any CPU
		{14834820-09F1-4944-B378-04B7EF98759B}.Release|Any CPU.ActiveCfg = Release|Any CPU
		{14834820-09F1-4944-B378-04B7EF98759B}.Release|Any CPU.Build.0 = Release|Any CPU
		{BC444E24-53BB-4FA2-B442-BBEF892A772A}.Debug|Any CPU.ActiveCfg = Debug|Any CPU
		{BC444E24-53BB-4FA2-B442-BBEF892A772A}.Debug|Any CPU.Build.0 = Debug|Any CPU
		{BC444E24-53BB-4FA2-B442-BBEF892A772A}.Release|Any CPU.ActiveCfg = Release|Any CPU
		{BC444E24-53BB-4FA2-B442-BBEF892A772A}.Release|Any CPU.Build.0 = Release|Any CPU
		{0B200BA8-4FEA-4AB9-9FBB-CB81675501DD}.Debug|Any CPU.ActiveCfg = Debug|Any CPU
		{0B200BA8-4FEA-4AB9-9FBB-CB81675501DD}.Debug|Any CPU.Build.0 = Debug|Any CPU
		{0B200BA8-4FEA-4AB9-9FBB-CB81675501DD}.Release|Any CPU.ActiveCfg = Release|Any CPU
		{0B200BA8-4FEA-4AB9-9FBB-CB81675501DD}.Release|Any CPU.Build.0 = Release|Any CPU
		{B445548F-FDC8-4414-BF80-58128F8EE4A8}.Debug|Any CPU.ActiveCfg = Debug|Any CPU
		{B445548F-FDC8-4414-BF80-58128F8EE4A8}.Debug|Any CPU.Build.0 = Debug|Any CPU
		{B445548F-FDC8-4414-BF80-58128F8EE4A8}.Release|Any CPU.ActiveCfg = Release|Any CPU
		{B445548F-FDC8-4414-BF80-58128F8EE4A8}.Release|Any CPU.Build.0 = Release|Any CPU
		{C106B934-90B9-4724-B762-9EDF291AE62E}.Debug|Any CPU.ActiveCfg = Debug|Any CPU
		{C106B934-90B9-4724-B762-9EDF291AE62E}.Debug|Any CPU.Build.0 = Debug|Any CPU
		{C106B934-90B9-4724-B762-9EDF291AE62E}.Release|Any CPU.ActiveCfg = Release|Any CPU
		{C106B934-90B9-4724-B762-9EDF291AE62E}.Release|Any CPU.Build.0 = Release|Any CPU
		{E466298C-52E5-4A97-8823-26EFC6BC91B9}.Debug|Any CPU.ActiveCfg = Debug|Any CPU
		{E466298C-52E5-4A97-8823-26EFC6BC91B9}.Debug|Any CPU.Build.0 = Debug|Any CPU
		{E466298C-52E5-4A97-8823-26EFC6BC91B9}.Release|Any CPU.ActiveCfg = Release|Any CPU
		{E466298C-52E5-4A97-8823-26EFC6BC91B9}.Release|Any CPU.Build.0 = Release|Any CPU
		{CEA7E767-A32B-4793-B62B-5CE5DED6E086}.Debug|Any CPU.ActiveCfg = Debug|Any CPU
		{CEA7E767-A32B-4793-B62B-5CE5DED6E086}.Debug|Any CPU.Build.0 = Debug|Any CPU
		{CEA7E767-A32B-4793-B62B-5CE5DED6E086}.Debug|Any CPU.Deploy.0 = Debug|Any CPU
		{CEA7E767-A32B-4793-B62B-5CE5DED6E086}.Release|Any CPU.ActiveCfg = Release|Any CPU
		{CEA7E767-A32B-4793-B62B-5CE5DED6E086}.Release|Any CPU.Build.0 = Release|Any CPU
		{CEA7E767-A32B-4793-B62B-5CE5DED6E086}.Release|Any CPU.Deploy.0 = Release|Any CPU
		{84F074A9-C669-4B9C-9585-08ED5B683FC4}.Debug|Any CPU.ActiveCfg = Debug|Any CPU
		{84F074A9-C669-4B9C-9585-08ED5B683FC4}.Debug|Any CPU.Build.0 = Debug|Any CPU
		{84F074A9-C669-4B9C-9585-08ED5B683FC4}.Release|Any CPU.ActiveCfg = Release|Any CPU
		{84F074A9-C669-4B9C-9585-08ED5B683FC4}.Release|Any CPU.Build.0 = Release|Any CPU
	EndGlobalSection
	GlobalSection(SolutionProperties) = preSolution
		HideSolutionNode = FALSE
	EndGlobalSection
	GlobalSection(NestedProjects) = preSolution
		{EAC58735-D058-4C11-9684-867F397CB461} = {6FFF4FB6-941C-4333-9A2D-5D9FEEEB44CA}
		{0B200BA8-4FEA-4AB9-9FBB-CB81675501DD} = {EAC58735-D058-4C11-9684-867F397CB461}
		{B445548F-FDC8-4414-BF80-58128F8EE4A8} = {525E54B2-DBEF-4E5E-9C78-E19F4C2CEE23}
		{525E54B2-DBEF-4E5E-9C78-E19F4C2CEE23} = {34FF54D6-D1F3-4FEA-A5A1-FE8DB79D1F89}
		{266F38E0-A4F7-4FE1-BFD5-76B4A19775F5} = {B1D64898-96B2-43FC-A7FC-83867C7CED67}
		{C106B934-90B9-4724-B762-9EDF291AE62E} = {266F38E0-A4F7-4FE1-BFD5-76B4A19775F5}
		{84F074A9-C669-4B9C-9585-08ED5B683FC4} = {B1D64898-96B2-43FC-A7FC-83867C7CED67}
	EndGlobalSection
	GlobalSection(ExtensibilityGlobals) = postSolution
		SolutionGuid = {DB98FB92-9F0C-4663-A21C-67BA2D536908}
	EndGlobalSection
EndGlobal
